
Microsoft Visual Studio Solution File, Format Version 12.00
# Visual Studio Version 16
VisualStudioVersion = 16.0.29102.190
MinimumVisualStudioVersion = 10.0.40219.1
Project("{FAE04EC0-301F-11D3-BF4B-00C04F79EFBC}") = "LiveUpdate", "LiveUpdate\LiveUpdate.csproj", "{3BC9B72F-DC1F-4423-94DC-BE1842648387}"
EndProject
Global
	GlobalSection(SolutionConfigurationPlatforms) = preSolution
		Debug|Any CPU = Debug|Any CPU
		Release|Any CPU = Release|Any CPU
	EndGlobalSection
	GlobalSection(ProjectConfigurationPlatforms) = postSolution
		{3BC9B72F-DC1F-4423-94DC-BE1842648387}.Debug|Any CPU.ActiveCfg = Debug|Any CPU
		{3BC9B72F-DC1F-4423-94DC-BE1842648387}.Debug|Any CPU.Build.0 = Debug|Any CPU
		{3BC9B72F-DC1F-4423-94DC-BE1842648387}.Release|Any CPU.ActiveCfg = Release|Any CPU
		{3BC9B72F-DC1F-4423-94DC-BE1842648387}.Release|Any CPU.Build.0 = Release|Any CPU
	EndGlobalSection
	GlobalSection(SolutionProperties) = preSolution
		HideSolutionNode = FALSE
	EndGlobalSection
	GlobalSection(ExtensibilityGlobals) = postSolution
		SolutionGuid = {737DD317-1BCA-4A96-92B3-9D23BF93990A}
	EndGlobalSection
EndGlobal
